
Microsoft Visual Studio Solution File, Format Version 12.00
# Visual Studio 15
VisualStudioVersion = 15.0.27428.2027
MinimumVisualStudioVersion = 10.0.40219.1
Project("{FAE04EC0-301F-11D3-BF4B-00C04F79EFBC}") = "GVComboBox", "GVComboBox\GVComboBox.csproj", "{A2DAF71F-AA06-4674-99EA-A721755DB64B}"
EndProject
Global
	GlobalSection(SolutionConfigurationPlatforms) = preSolution
		Debug|Any CPU = Debug|Any CPU
		Release|Any CPU = Release|Any CPU
	EndGlobalSection
	GlobalSection(ProjectConfigurationPlatforms) = postSolution
		{A2DAF71F-AA06-4674-99EA-A721755DB64B}.Debug|Any CPU.ActiveCfg = Debug|Any CPU
		{A2DAF71F-AA06-4674-99EA-A721755DB64B}.Debug|Any CPU.Build.0 = Debug|Any CPU
		{A2DAF71F-AA06-4674-99EA-A721755DB64B}.Release|Any CPU.ActiveCfg = Release|Any CPU
		{A2DAF71F-AA06-4674-99EA-A721755DB64B}.Release|Any CPU.Build.0 = Release|Any CPU
	EndGlobalSection
	GlobalSection(SolutionProperties) = preSolution
		HideSolutionNode = FALSE
	EndGlobalSection
	GlobalSection(ExtensibilityGlobals) = postSolution
		SolutionGuid = {3983DD62-A630-4F3B-B3F1-E96DAED0BAC4}
	EndGlobalSection
EndGlobal
